
Microsoft Visual Studio Solution File, Format Version 12.00
# Visual Studio Version 16
VisualStudioVersion = 16.0.30011.22
MinimumVisualStudioVersion = 10.0.40219.1
Project("{FAE04EC0-301F-11D3-BF4B-00C04F79EFBC}") = "ProjetoSingleton", "ProjetoSingleton.csproj", "{77396FFA-C2D9-4B54-88C5-9E4AF1A2761A}"
EndProject
Global
	GlobalSection(SolutionConfigurationPlatforms) = preSolution
		Debug|Any CPU = Debug|Any CPU
		Release|Any CPU = Release|Any CPU
	EndGlobalSection
	GlobalSection(ProjectConfigurationPlatforms) = postSolution
		{77396FFA-C2D9-4B54-88C5-9E4AF1A2761A}.Debug|Any CPU.ActiveCfg = Debug|Any CPU
		{77396FFA-C2D9-4B54-88C5-9E4AF1A2761A}.Debug|Any CPU.Build.0 = Debug|Any CPU
		{77396FFA-C2D9-4B54-88C5-9E4AF1A2761A}.Release|Any CPU.ActiveCfg = Release|Any CPU
		{77396FFA-C2D9-4B54-88C5-9E4AF1A2761A}.Release|Any CPU.Build.0 = Release|Any CPU
	EndGlobalSection
	GlobalSection(SolutionProperties) = preSolution
		HideSolutionNode = FALSE
	EndGlobalSection
	GlobalSection(ExtensibilityGlobals) = postSolution
		SolutionGuid = {5ED12C34-A0E3-409B-9946-ECEABDAA4A21}
	EndGlobalSection
EndGlobal
